// !$*UTF8*$!
{
	archiveVersion = 1;
	classes = {
	};
	objectVersion = 51;
	objects = {

/* Begin PBXBuildFile section */
		45BF63AB269F1F48005CCB56 /* AppDelegate.swift in Sources */ = {isa = PBXBuildFile; fileRef = 45BF63AA269F1F48005CCB56 /* AppDelegate.swift */; };
		45BF63AD269F1F48005CCB56 /* SceneDelegate.swift in Sources */ = {isa = PBXBuildFile; fileRef = 45BF63AC269F1F48005CCB56 /* SceneDelegate.swift */; };
		45BF63B2269F1F48005CCB56 /* Main.storyboard in Resources */ = {isa = PBXBuildFile; fileRef = 45BF63B0269F1F48005CCB56 /* Main.storyboard */; };
		45BF63B4269F1F4A005CCB56 /* Assets.xcassets in Resources */ = {isa = PBXBuildFile; fileRef = 45BF63B3269F1F4A005CCB56 /* Assets.xcassets */; };
		45BF63B7269F1F4A005CCB56 /* LaunchScreen.storyboard in Resources */ = {isa = PBXBuildFile; fileRef = 45BF63B5269F1F4A005CCB56 /* LaunchScreen.storyboard */; };
		45BF63C2269F1F4A005CCB56 /* ApptunixTests.swift in Sources */ = {isa = PBXBuildFile; fileRef = 45BF63C1269F1F4A005CCB56 /* ApptunixTests.swift */; };
		45BF63CD269F1F4A005CCB56 /* ApptunixUITests.swift in Sources */ = {isa = PBXBuildFile; fileRef = 45BF63CC269F1F4A005CCB56 /* ApptunixUITests.swift */; };
		45BF63E2269F32A0005CCB56 /* LoginViewController.swift in Sources */ = {isa = PBXBuildFile; fileRef = 45BF63E1269F32A0005CCB56 /* LoginViewController.swift */; };
		45BF63E7269F32B6005CCB56 /* SignupViewController.swift in Sources */ = {isa = PBXBuildFile; fileRef = 45BF63E6269F32B6005CCB56 /* SignupViewController.swift */; };
		45BF63F6269F4693005CCB56 /* BaseDataController.swift in Sources */ = {isa = PBXBuildFile; fileRef = 45BF63F5269F4693005CCB56 /* BaseDataController.swift */; };
		45BF6400269F46D7005CCB56 /* EndPointUrl.swift in Sources */ = {isa = PBXBuildFile; fileRef = 45BF63FF269F46D7005CCB56 /* EndPointUrl.swift */; };
		45BF6405269F47A2005CCB56 /* LocalizedString.swift in Sources */ = {isa = PBXBuildFile; fileRef = 45BF6404269F47A2005CCB56 /* LocalizedString.swift */; };
		45BF640A269F629C005CCB56 /* HomeScreenViewController.swift in Sources */ = {isa = PBXBuildFile; fileRef = 45BF6409269F629C005CCB56 /* HomeScreenViewController.swift */; };
		45BF6412269F634E005CCB56 /* CategoriesTableViewCell.swift in Sources */ = {isa = PBXBuildFile; fileRef = 45BF6410269F634E005CCB56 /* CategoriesTableViewCell.swift */; };
		45BF6413269F634E005CCB56 /* CategoriesTableViewCell.xib in Resources */ = {isa = PBXBuildFile; fileRef = 45BF6411269F634E005CCB56 /* CategoriesTableViewCell.xib */; };
		45D7E7E4269FEDBE00821CAC /* HomeScreenViewModel.swift in Sources */ = {isa = PBXBuildFile; fileRef = 45D7E7E3269FEDBE00821CAC /* HomeScreenViewModel.swift */; };
		45D7E7EC269FEDDB00821CAC /* HomeScreenModel.swift in Sources */ = {isa = PBXBuildFile; fileRef = 45D7E7EB269FEDDB00821CAC /* HomeScreenModel.swift */; };
		45D7E7F5269FEEE300821CAC /* TopBannersModel.swift in Sources */ = {isa = PBXBuildFile; fileRef = 45D7E7F4269FEEE300821CAC /* TopBannersModel.swift */; };
		45D7E7FA269FEF6500821CAC /* RecentlyViewedModel.swift in Sources */ = {isa = PBXBuildFile; fileRef = 45D7E7F9269FEF6500821CAC /* RecentlyViewedModel.swift */; };
		45D7E7FF269FF0AC00821CAC /* FeaturedProductsModel.swift in Sources */ = {isa = PBXBuildFile; fileRef = 45D7E7FE269FF0AC00821CAC /* FeaturedProductsModel.swift */; };
		45D7E804269FF62700821CAC /* HomeScreenDataController.swift in Sources */ = {isa = PBXBuildFile; fileRef = 45D7E803269FF62700821CAC /* HomeScreenDataController.swift */; };
		45D7E809269FF6F100821CAC /* APILists.swift in Sources */ = {isa = PBXBuildFile; fileRef = 45D7E808269FF6F100821CAC /* APILists.swift */; };
		45D7E80E269FF81D00821CAC /* DataModelProtocol.swift in Sources */ = {isa = PBXBuildFile; fileRef = 45D7E80D269FF81D00821CAC /* DataModelProtocol.swift */; };
		45D7E86826A01E1B00821CAC /* TopBannersViewModel.swift in Sources */ = {isa = PBXBuildFile; fileRef = 45D7E86726A01E1B00821CAC /* TopBannersViewModel.swift */; };
		45D7E87126A01E3800821CAC /* RecentlyViewedViewModel.swift in Sources */ = {isa = PBXBuildFile; fileRef = 45D7E87026A01E3800821CAC /* RecentlyViewedViewModel.swift */; };
		45D7E87626A01E5600821CAC /* FeaturedProductsViewModel.swift in Sources */ = {isa = PBXBuildFile; fileRef = 45D7E87526A01E5600821CAC /* FeaturedProductsViewModel.swift */; };
		45D7E88426A02EEB00821CAC /* ProductCollectionViewCell.swift in Sources */ = {isa = PBXBuildFile; fileRef = 45D7E88226A02EEB00821CAC /* ProductCollectionViewCell.swift */; };
		45D7E88526A02EEB00821CAC /* ProductCollectionViewCell.xib in Resources */ = {isa = PBXBuildFile; fileRef = 45D7E88326A02EEB00821CAC /* ProductCollectionViewCell.xib */; };
		45D7E8B126A067F200821CAC /* FeaturedItemsTableViewCell.swift in Sources */ = {isa = PBXBuildFile; fileRef = 45D7E8AF26A067F200821CAC /* FeaturedItemsTableViewCell.swift */; };
		45D7E8B226A067F200821CAC /* FeaturedItemsTableViewCell.xib in Resources */ = {isa = PBXBuildFile; fileRef = 45D7E8B026A067F200821CAC /* FeaturedItemsTableViewCell.xib */; };
		45D7E8B826A0682100821CAC /* FeaturedCollectionViewCell.swift in Sources */ = {isa = PBXBuildFile; fileRef = 45D7E8B626A0682100821CAC /* FeaturedCollectionViewCell.swift */; };
		45D7E8B926A0682100821CAC /* FeaturedCollectionViewCell.xib in Resources */ = {isa = PBXBuildFile; fileRef = 45D7E8B726A0682100821CAC /* FeaturedCollectionViewCell.xib */; };
		45D7E8BE26A087C200821CAC /* FetchImage.swift in Sources */ = {isa = PBXBuildFile; fileRef = 45D7E8BD26A087C200821CAC /* FetchImage.swift */; };
		96C0C1E64FAA311B15985AEC /* Pods_ApptunixTests.framework in Frameworks */ = {isa = PBXBuildFile; fileRef = 7514862D0F93931AD8031988 /* Pods_ApptunixTests.framework */; };
		9CFD377B26A79A5D76B147A7 /* Pods_Apptunix_ApptunixUITests.framework in Frameworks */ = {isa = PBXBuildFile; fileRef = 1897E8DE83A4C059742BCE8B /* Pods_Apptunix_ApptunixUITests.framework */; };
		E0700CD81086804EA0C4C265 /* Pods_Apptunix.framework in Frameworks */ = {isa = PBXBuildFile; fileRef = DC6E4E40B8AFB5B6B5187515 /* Pods_Apptunix.framework */; };
/* End PBXBuildFile section */

/* Begin PBXContainerItemProxy section */
		45BF63BE269F1F4A005CCB56 /* PBXContainerItemProxy */ = {
			isa = PBXContainerItemProxy;
			containerPortal = 45BF639F269F1F48005CCB56 /* Project object */;
			proxyType = 1;
			remoteGlobalIDString = 45BF63A6269F1F48005CCB56;
			remoteInfo = Apptunix;
		};
		45BF63C9269F1F4A005CCB56 /* PBXContainerItemProxy */ = {
			isa = PBXContainerItemProxy;
			containerPortal = 45BF639F269F1F48005CCB56 /* Project object */;
			proxyType = 1;
			remoteGlobalIDString = 45BF63A6269F1F48005CCB56;
			remoteInfo = Apptunix;
		};
/* End PBXContainerItemProxy section */

/* Begin PBXFileReference section */
		1897E8DE83A4C059742BCE8B /* Pods_Apptunix_ApptunixUITests.framework */ = {isa = PBXFileReference; explicitFileType = wrapper.framework; includeInIndex = 0; path = Pods_Apptunix_ApptunixUITests.framework; sourceTree = BUILT_PRODUCTS_DIR; };
		18D21776F8A48B2EB154E444 /* Pods-Apptunix.release.xcconfig */ = {isa = PBXFileReference; includeInIndex = 1; lastKnownFileType = text.xcconfig; name = "Pods-Apptunix.release.xcconfig"; path = "Target Support Files/Pods-Apptunix/Pods-Apptunix.release.xcconfig"; sourceTree = "<group>"; };
		2DC0B5F436182D25D99E7D05 /* Pods-ApptunixTests.release.xcconfig */ = {isa = PBXFileReference; includeInIndex = 1; lastKnownFileType = text.xcconfig; name = "Pods-ApptunixTests.release.xcconfig"; path = "Target Support Files/Pods-ApptunixTests/Pods-ApptunixTests.release.xcconfig"; sourceTree = "<group>"; };
		45BF63A7269F1F48005CCB56 /* Apptunix.app */ = {isa = PBXFileReference; explicitFileType = wrapper.application; includeInIndex = 0; path = Apptunix.app; sourceTree = BUILT_PRODUCTS_DIR; };
		45BF63AA269F1F48005CCB56 /* AppDelegate.swift */ = {isa = PBXFileReference; lastKnownFileType = sourcecode.swift; path = AppDelegate.swift; sourceTree = "<group>"; };
		45BF63AC269F1F48005CCB56 /* SceneDelegate.swift */ = {isa = PBXFileReference; lastKnownFileType = sourcecode.swift; path = SceneDelegate.swift; sourceTree = "<group>"; };
		45BF63B1269F1F48005CCB56 /* Base */ = {isa = PBXFileReference; lastKnownFileType = file.storyboard; name = Base; path = Base.lproj/Main.storyboard; sourceTree = "<group>"; };
		45BF63B3269F1F4A005CCB56 /* Assets.xcassets */ = {isa = PBXFileReference; lastKnownFileType = folder.assetcatalog; path = Assets.xcassets; sourceTree = "<group>"; };
		45BF63B6269F1F4A005CCB56 /* Base */ = {isa = PBXFileReference; lastKnownFileType = file.storyboard; name = Base; path = Base.lproj/LaunchScreen.storyboard; sourceTree = "<group>"; };
		45BF63B8269F1F4A005CCB56 /* Info.plist */ = {isa = PBXFileReference; lastKnownFileType = text.plist.xml; path = Info.plist; sourceTree = "<group>"; };
		45BF63BD269F1F4A005CCB56 /* ApptunixTests.xctest */ = {isa = PBXFileReference; explicitFileType = wrapper.cfbundle; includeInIndex = 0; path = ApptunixTests.xctest; sourceTree = BUILT_PRODUCTS_DIR; };
		45BF63C1269F1F4A005CCB56 /* ApptunixTests.swift */ = {isa = PBXFileReference; lastKnownFileType = sourcecode.swift; path = ApptunixTests.swift; sourceTree = "<group>"; };
		45BF63C3269F1F4A005CCB56 /* Info.plist */ = {isa = PBXFileReference; lastKnownFileType = text.plist.xml; path = Info.plist; sourceTree = "<group>"; };
		45BF63C8269F1F4A005CCB56 /* ApptunixUITests.xctest */ = {isa = PBXFileReference; explicitFileType = wrapper.cfbundle; includeInIndex = 0; path = ApptunixUITests.xctest; sourceTree = BUILT_PRODUCTS_DIR; };
		45BF63CC269F1F4A005CCB56 /* ApptunixUITests.swift */ = {isa = PBXFileReference; lastKnownFileType = sourcecode.swift; path = ApptunixUITests.swift; sourceTree = "<group>"; };
		45BF63CE269F1F4A005CCB56 /* Info.plist */ = {isa = PBXFileReference; lastKnownFileType = text.plist.xml; path = Info.plist; sourceTree = "<group>"; };
		45BF63E1269F32A0005CCB56 /* LoginViewController.swift */ = {isa = PBXFileReference; lastKnownFileType = sourcecode.swift; path = LoginViewController.swift; sourceTree = "<group>"; };
		45BF63E6269F32B6005CCB56 /* SignupViewController.swift */ = {isa = PBXFileReference; lastKnownFileType = sourcecode.swift; path = SignupViewController.swift; sourceTree = "<group>"; };
		45BF63F5269F4693005CCB56 /* BaseDataController.swift */ = {isa = PBXFileReference; lastKnownFileType = sourcecode.swift; path = BaseDataController.swift; sourceTree = "<group>"; };
		45BF63FF269F46D7005CCB56 /* EndPointUrl.swift */ = {isa = PBXFileReference; lastKnownFileType = sourcecode.swift; path = EndPointUrl.swift; sourceTree = "<group>"; };
		45BF6404269F47A2005CCB56 /* LocalizedString.swift */ = {isa = PBXFileReference; lastKnownFileType = sourcecode.swift; path = LocalizedString.swift; sourceTree = "<group>"; };
		45BF6409269F629C005CCB56 /* HomeScreenViewController.swift */ = {isa = PBXFileReference; lastKnownFileType = sourcecode.swift; path = HomeScreenViewController.swift; sourceTree = "<group>"; };
		45BF6410269F634E005CCB56 /* CategoriesTableViewCell.swift */ = {isa = PBXFileReference; lastKnownFileType = sourcecode.swift; path = CategoriesTableViewCell.swift; sourceTree = "<group>"; };
		45BF6411269F634E005CCB56 /* CategoriesTableViewCell.xib */ = {isa = PBXFileReference; lastKnownFileType = file.xib; path = CategoriesTableViewCell.xib; sourceTree = "<group>"; };
		45D7E7E3269FEDBE00821CAC /* HomeScreenViewModel.swift */ = {isa = PBXFileReference; lastKnownFileType = sourcecode.swift; path = HomeScreenViewModel.swift; sourceTree = "<group>"; };
		45D7E7EB269FEDDB00821CAC /* HomeScreenModel.swift */ = {isa = PBXFileReference; lastKnownFileType = sourcecode.swift; path = HomeScreenModel.swift; sourceTree = "<group>"; };
		45D7E7F4269FEEE300821CAC /* TopBannersModel.swift */ = {isa = PBXFileReference; lastKnownFileType = sourcecode.swift; path = TopBannersModel.swift; sourceTree = "<group>"; };
		45D7E7F9269FEF6500821CAC /* RecentlyViewedModel.swift */ = {isa = PBXFileReference; lastKnownFileType = sourcecode.swift; path = RecentlyViewedModel.swift; sourceTree = "<group>"; };
		45D7E7FE269FF0AC00821CAC /* FeaturedProductsModel.swift */ = {isa = PBXFileReference; lastKnownFileType = sourcecode.swift; path = FeaturedProductsModel.swift; sourceTree = "<group>"; };
		45D7E803269FF62700821CAC /* HomeScreenDataController.swift */ = {isa = PBXFileReference; lastKnownFileType = sourcecode.swift; path = HomeScreenDataController.swift; sourceTree = "<group>"; };
		45D7E808269FF6F100821CAC /* APILists.swift */ = {isa = PBXFileReference; lastKnownFileType = sourcecode.swift; path = APILists.swift; sourceTree = "<group>"; };
		45D7E80D269FF81D00821CAC /* DataModelProtocol.swift */ = {isa = PBXFileReference; lastKnownFileType = sourcecode.swift; path = DataModelProtocol.swift; sourceTree = "<group>"; };
		45D7E86726A01E1B00821CAC /* TopBannersViewModel.swift */ = {isa = PBXFileReference; lastKnownFileType = sourcecode.swift; path = TopBannersViewModel.swift; sourceTree = "<group>"; };
		45D7E87026A01E3800821CAC /* RecentlyViewedViewModel.swift */ = {isa = PBXFileReference; lastKnownFileType = sourcecode.swift; path = RecentlyViewedViewModel.swift; sourceTree = "<group>"; };
		45D7E87526A01E5600821CAC /* FeaturedProductsViewModel.swift */ = {isa = PBXFileReference; lastKnownFileType = sourcecode.swift; path = FeaturedProductsViewModel.swift; sourceTree = "<group>"; };
		45D7E88226A02EEB00821CAC /* ProductCollectionViewCell.swift */ = {isa = PBXFileReference; lastKnownFileType = sourcecode.swift; path = ProductCollectionViewCell.swift; sourceTree = "<group>"; };
		45D7E88326A02EEB00821CAC /* ProductCollectionViewCell.xib */ = {isa = PBXFileReference; lastKnownFileType = file.xib; path = ProductCollectionViewCell.xib; sourceTree = "<group>"; };
		45D7E8AF26A067F200821CAC /* FeaturedItemsTableViewCell.swift */ = {isa = PBXFileReference; lastKnownFileType = sourcecode.swift; path = FeaturedItemsTableViewCell.swift; sourceTree = "<group>"; };
		45D7E8B026A067F200821CAC /* FeaturedItemsTableViewCell.xib */ = {isa = PBXFileReference; lastKnownFileType = file.xib; path = FeaturedItemsTableViewCell.xib; sourceTree = "<group>"; };
		45D7E8B626A0682100821CAC /* FeaturedCollectionViewCell.swift */ = {isa = PBXFileReference; lastKnownFileType = sourcecode.swift; path = FeaturedCollectionViewCell.swift; sourceTree = "<group>"; };
		45D7E8B726A0682100821CAC /* FeaturedCollectionViewCell.xib */ = {isa = PBXFileReference; lastKnownFileType = file.xib; path = FeaturedCollectionViewCell.xib; sourceTree = "<group>"; };
		45D7E8BD26A087C200821CAC /* FetchImage.swift */ = {isa = PBXFileReference; lastKnownFileType = sourcecode.swift; path = FetchImage.swift; sourceTree = "<group>"; };
		750ADC205606291550849C6D /* Pods-Apptunix-ApptunixUITests.release.xcconfig */ = {isa = PBXFileReference; includeInIndex = 1; lastKnownFileType = text.xcconfig; name = "Pods-Apptunix-ApptunixUITests.release.xcconfig"; path = "Target Support Files/Pods-Apptunix-ApptunixUITests/Pods-Apptunix-ApptunixUITests.release.xcconfig"; sourceTree = "<group>"; };
		7514862D0F93931AD8031988 /* Pods_ApptunixTests.framework */ = {isa = PBXFileReference; explicitFileType = wrapper.framework; includeInIndex = 0; path = Pods_ApptunixTests.framework; sourceTree = BUILT_PRODUCTS_DIR; };
		814FB6BB6EEA9F45686681E5 /* Pods-ApptunixTests.debug.xcconfig */ = {isa = PBXFileReference; includeInIndex = 1; lastKnownFileType = text.xcconfig; name = "Pods-ApptunixTests.debug.xcconfig"; path = "Target Support Files/Pods-ApptunixTests/Pods-ApptunixTests.debug.xcconfig"; sourceTree = "<group>"; };
		B5B8A60590695A9BFA5E2098 /* Pods-Apptunix.debug.xcconfig */ = {isa = PBXFileReference; includeInIndex = 1; lastKnownFileType = text.xcconfig; name = "Pods-Apptunix.debug.xcconfig"; path = "Target Support Files/Pods-Apptunix/Pods-Apptunix.debug.xcconfig"; sourceTree = "<group>"; };
		D91DC85392E1FB81268D1469 /* Pods-Apptunix-ApptunixUITests.debug.xcconfig */ = {isa = PBXFileReference; includeInIndex = 1; lastKnownFileType = text.xcconfig; name = "Pods-Apptunix-ApptunixUITests.debug.xcconfig"; path = "Target Support Files/Pods-Apptunix-ApptunixUITests/Pods-Apptunix-ApptunixUITests.debug.xcconfig"; sourceTree = "<group>"; };
		DC6E4E40B8AFB5B6B5187515 /* Pods_Apptunix.framework */ = {isa = PBXFileReference; explicitFileType = wrapper.framework; includeInIndex = 0; path = Pods_Apptunix.framework; sourceTree = BUILT_PRODUCTS_DIR; };
/* End PBXFileReference section */

/* Begin PBXFrameworksBuildPhase section */
		45BF63A4269F1F48005CCB56 /* Frameworks */ = {
			isa = PBXFrameworksBuildPhase;
			buildActionMask = 2147483647;
			files = (
				E0700CD81086804EA0C4C265 /* Pods_Apptunix.framework in Frameworks */,
			);
			runOnlyForDeploymentPostprocessing = 0;
		};
		45BF63BA269F1F4A005CCB56 /* Frameworks */ = {
			isa = PBXFrameworksBuildPhase;
			buildActionMask = 2147483647;
			files = (
				96C0C1E64FAA311B15985AEC /* Pods_ApptunixTests.framework in Frameworks */,
			);
			runOnlyForDeploymentPostprocessing = 0;
		};
		45BF63C5269F1F4A005CCB56 /* Frameworks */ = {
			isa = PBXFrameworksBuildPhase;
			buildActionMask = 2147483647;
			files = (
				9CFD377B26A79A5D76B147A7 /* Pods_Apptunix_ApptunixUITests.framework in Frameworks */,
			);
			runOnlyForDeploymentPostprocessing = 0;
		};
/* End PBXFrameworksBuildPhase section */

/* Begin PBXGroup section */
		36526424E382192B25CF25C1 /* Frameworks */ = {
			isa = PBXGroup;
			children = (
				DC6E4E40B8AFB5B6B5187515 /* Pods_Apptunix.framework */,
				1897E8DE83A4C059742BCE8B /* Pods_Apptunix_ApptunixUITests.framework */,
				7514862D0F93931AD8031988 /* Pods_ApptunixTests.framework */,
			);
			name = Frameworks;
			sourceTree = "<group>";
		};
		45BF639E269F1F48005CCB56 = {
			isa = PBXGroup;
			children = (
				45BF63A9269F1F48005CCB56 /* Apptunix */,
				45BF63C0269F1F4A005CCB56 /* ApptunixTests */,
				45BF63CB269F1F4A005CCB56 /* ApptunixUITests */,
				45BF63A8269F1F48005CCB56 /* Products */,
				F8B4CB94763F711799C2D38A /* Pods */,
				36526424E382192B25CF25C1 /* Frameworks */,
			);
			sourceTree = "<group>";
		};
		45BF63A8269F1F48005CCB56 /* Products */ = {
			isa = PBXGroup;
			children = (
				45BF63A7269F1F48005CCB56 /* Apptunix.app */,
				45BF63BD269F1F4A005CCB56 /* ApptunixTests.xctest */,
				45BF63C8269F1F4A005CCB56 /* ApptunixUITests.xctest */,
			);
			name = Products;
			sourceTree = "<group>";
		};
		45BF63A9269F1F48005CCB56 /* Apptunix */ = {
			isa = PBXGroup;
			children = (
				45BF63FE269F46C3005CCB56 /* Helper */,
				45D7E7D9269FED6800821CAC /* Modules */,
				45BF63FA269F469E005CCB56 /* Data Controller */,
				45BF63AA269F1F48005CCB56 /* AppDelegate.swift */,
				45BF63AC269F1F48005CCB56 /* SceneDelegate.swift */,
				45BF63B0269F1F48005CCB56 /* Main.storyboard */,
				45BF63B3269F1F4A005CCB56 /* Assets.xcassets */,
				45BF63B5269F1F4A005CCB56 /* LaunchScreen.storyboard */,
				45BF63B8269F1F4A005CCB56 /* Info.plist */,
			);
			path = Apptunix;
			sourceTree = "<group>";
		};
		45BF63C0269F1F4A005CCB56 /* ApptunixTests */ = {
			isa = PBXGroup;
			children = (
				45BF63C1269F1F4A005CCB56 /* ApptunixTests.swift */,
				45BF63C3269F1F4A005CCB56 /* Info.plist */,
			);
			path = ApptunixTests;
			sourceTree = "<group>";
		};
		45BF63CB269F1F4A005CCB56 /* ApptunixUITests */ = {
			isa = PBXGroup;
			children = (
				45BF63CC269F1F4A005CCB56 /* ApptunixUITests.swift */,
				45BF63CE269F1F4A005CCB56 /* Info.plist */,
			);
			path = ApptunixUITests;
			sourceTree = "<group>";
		};
		45BF63FA269F469E005CCB56 /* Data Controller */ = {
			isa = PBXGroup;
			children = (
				45BF63F5269F4693005CCB56 /* BaseDataController.swift */,
			);
			path = "Data Controller";
			sourceTree = "<group>";
		};
		45BF63FE269F46C3005CCB56 /* Helper */ = {
			isa = PBXGroup;
			children = (
				45BF63FF269F46D7005CCB56 /* EndPointUrl.swift */,
				45BF6404269F47A2005CCB56 /* LocalizedString.swift */,
				45D7E808269FF6F100821CAC /* APILists.swift */,
				45D7E80D269FF81D00821CAC /* DataModelProtocol.swift */,
				45D7E8BD26A087C200821CAC /* FetchImage.swift */,
			);
			path = Helper;
			sourceTree = "<group>";
		};
		45BF640E269F6334005CCB56 /* TableViewCells */ = {
			isa = PBXGroup;
			children = (
				45BF6410269F634E005CCB56 /* CategoriesTableViewCell.swift */,
				45BF6411269F634E005CCB56 /* CategoriesTableViewCell.xib */,
				45D7E8AF26A067F200821CAC /* FeaturedItemsTableViewCell.swift */,
				45D7E8B026A067F200821CAC /* FeaturedItemsTableViewCell.xib */,
			);
			path = TableViewCells;
			sourceTree = "<group>";
		};
		45D7E7D9269FED6800821CAC /* Modules */ = {
			isa = PBXGroup;
			children = (
				45D7E7DF269FED9200821CAC /* HomeScreen */,
				45D7E7DA269FED8000821CAC /* Login */,
				45D7E7DB269FED8800821CAC /* SIgnup */,
			);
			path = Modules;
			sourceTree = "<group>";
		};
		45D7E7DA269FED8000821CAC /* Login */ = {
			isa = PBXGroup;
			children = (
				45BF63E1269F32A0005CCB56 /* LoginViewController.swift */,
			);
			path = Login;
			sourceTree = "<group>";
		};
		45D7E7DB269FED8800821CAC /* SIgnup */ = {
			isa = PBXGroup;
			children = (
				45BF63E6269F32B6005CCB56 /* SignupViewController.swift */,
			);
			path = SIgnup;
			sourceTree = "<group>";
		};
		45D7E7DF269FED9200821CAC /* HomeScreen */ = {
			isa = PBXGroup;
			children = (
				45D7E88126A02EBE00821CAC /* CollectionViewCells */,
				45BF640E269F6334005CCB56 /* TableViewCells */,
				45BF6409269F629C005CCB56 /* HomeScreenViewController.swift */,
				45D7E86626A01E0700821CAC /* ViewModels */,
				45D7E7F0269FEED700821CAC /* Models */,
				45D7E803269FF62700821CAC /* HomeScreenDataController.swift */,
			);
			path = HomeScreen;
			sourceTree = "<group>";
		};
		45D7E7F0269FEED700821CAC /* Models */ = {
			isa = PBXGroup;
			children = (
				45D7E7EB269FEDDB00821CAC /* HomeScreenModel.swift */,
				45D7E7F4269FEEE300821CAC /* TopBannersModel.swift */,
				45D7E7F9269FEF6500821CAC /* RecentlyViewedModel.swift */,
				45D7E7FE269FF0AC00821CAC /* FeaturedProductsModel.swift */,
			);
			path = Models;
			sourceTree = "<group>";
		};
		45D7E86626A01E0700821CAC /* ViewModels */ = {
			isa = PBXGroup;
			children = (
				45D7E7E3269FEDBE00821CAC /* HomeScreenViewModel.swift */,
				45D7E86726A01E1B00821CAC /* TopBannersViewModel.swift */,
				45D7E87026A01E3800821CAC /* RecentlyViewedViewModel.swift */,
				45D7E87526A01E5600821CAC /* FeaturedProductsViewModel.swift */,
			);
			path = ViewModels;
			sourceTree = "<group>";
		};
		45D7E88126A02EBE00821CAC /* CollectionViewCells */ = {
			isa = PBXGroup;
			children = (
				45D7E88226A02EEB00821CAC /* ProductCollectionViewCell.swift */,
				45D7E88326A02EEB00821CAC /* ProductCollectionViewCell.xib */,
				45D7E8B626A0682100821CAC /* FeaturedCollectionViewCell.swift */,
				45D7E8B726A0682100821CAC /* FeaturedCollectionViewCell.xib */,
			);
			path = CollectionViewCells;
			sourceTree = "<group>";
		};
		F8B4CB94763F711799C2D38A /* Pods */ = {
			isa = PBXGroup;
			children = (
				B5B8A60590695A9BFA5E2098 /* Pods-Apptunix.debug.xcconfig */,
				18D21776F8A48B2EB154E444 /* Pods-Apptunix.release.xcconfig */,
				D91DC85392E1FB81268D1469 /* Pods-Apptunix-ApptunixUITests.debug.xcconfig */,
				750ADC205606291550849C6D /* Pods-Apptunix-ApptunixUITests.release.xcconfig */,
				814FB6BB6EEA9F45686681E5 /* Pods-ApptunixTests.debug.xcconfig */,
				2DC0B5F436182D25D99E7D05 /* Pods-ApptunixTests.release.xcconfig */,
			);
			path = Pods;
			sourceTree = "<group>";
		};
/* End PBXGroup section */

/* Begin PBXNativeTarget section */
		45BF63A6269F1F48005CCB56 /* Apptunix */ = {
			isa = PBXNativeTarget;
			buildConfigurationList = 45BF63D1269F1F4A005CCB56 /* Build configuration list for PBXNativeTarget "Apptunix" */;
			buildPhases = (
				DF5FCD903B02F15400806F6A /* [CP] Check Pods Manifest.lock */,
				45BF63A3269F1F48005CCB56 /* Sources */,
				45BF63A4269F1F48005CCB56 /* Frameworks */,
				45BF63A5269F1F48005CCB56 /* Resources */,
				B4AE45D1F5917F7B4DBF493D /* [CP] Embed Pods Frameworks */,
			);
			buildRules = (
			);
			dependencies = (
			);
			name = Apptunix;
			productName = Apptunix;
			productReference = 45BF63A7269F1F48005CCB56 /* Apptunix.app */;
			productType = "com.apple.product-type.application";
		};
		45BF63BC269F1F4A005CCB56 /* ApptunixTests */ = {
			isa = PBXNativeTarget;
			buildConfigurationList = 45BF63D4269F1F4A005CCB56 /* Build configuration list for PBXNativeTarget "ApptunixTests" */;
			buildPhases = (
				79E6A9A418B56EC23C19BEEB /* [CP] Check Pods Manifest.lock */,
				45BF63B9269F1F4A005CCB56 /* Sources */,
				45BF63BA269F1F4A005CCB56 /* Frameworks */,
				45BF63BB269F1F4A005CCB56 /* Resources */,
			);
			buildRules = (
			);
			dependencies = (
				45BF63BF269F1F4A005CCB56 /* PBXTargetDependency */,
			);
			name = ApptunixTests;
			productName = ApptunixTests;
			productReference = 45BF63BD269F1F4A005CCB56 /* ApptunixTests.xctest */;
			productType = "com.apple.product-type.bundle.unit-test";
		};
		45BF63C7269F1F4A005CCB56 /* ApptunixUITests */ = {
			isa = PBXNativeTarget;
			buildConfigurationList = 45BF63D7269F1F4A005CCB56 /* Build configuration list for PBXNativeTarget "ApptunixUITests" */;
			buildPhases = (
				39D61D400D44ED9FEF20AD31 /* [CP] Check Pods Manifest.lock */,
				45BF63C4269F1F4A005CCB56 /* Sources */,
				45BF63C5269F1F4A005CCB56 /* Frameworks */,
				45BF63C6269F1F4A005CCB56 /* Resources */,
				D2CAF975E457A257FB6713BC /* [CP] Embed Pods Frameworks */,
			);
			buildRules = (
			);
			dependencies = (
				45BF63CA269F1F4A005CCB56 /* PBXTargetDependency */,
			);
			name = ApptunixUITests;
			productName = ApptunixUITests;
			productReference = 45BF63C8269F1F4A005CCB56 /* ApptunixUITests.xctest */;
			productType = "com.apple.product-type.bundle.ui-testing";
		};
/* End PBXNativeTarget section */

/* Begin PBXProject section */
		45BF639F269F1F48005CCB56 /* Project object */ = {
			isa = PBXProject;
			attributes = {
				LastSwiftUpdateCheck = 1240;
				LastUpgradeCheck = 1240;
				TargetAttributes = {
					45BF63A6269F1F48005CCB56 = {
						CreatedOnToolsVersion = 12.4;
					};
					45BF63BC269F1F4A005CCB56 = {
						CreatedOnToolsVersion = 12.4;
						TestTargetID = 45BF63A6269F1F48005CCB56;
					};
					45BF63C7269F1F4A005CCB56 = {
						CreatedOnToolsVersion = 12.4;
						TestTargetID = 45BF63A6269F1F48005CCB56;
					};
				};
			};
			buildConfigurationList = 45BF63A2269F1F48005CCB56 /* Build configuration list for PBXProject "Apptunix" */;
			compatibilityVersion = "Xcode 9.3";
			developmentRegion = en;
			hasScannedForEncodings = 0;
			knownRegions = (
				en,
				Base,
			);
			mainGroup = 45BF639E269F1F48005CCB56;
			productRefGroup = 45BF63A8269F1F48005CCB56 /* Products */;
			projectDirPath = "";
			projectRoot = "";
			targets = (
				45BF63A6269F1F48005CCB56 /* Apptunix */,
				45BF63BC269F1F4A005CCB56 /* ApptunixTests */,
				45BF63C7269F1F4A005CCB56 /* ApptunixUITests */,
			);
		};
/* End PBXProject section */

/* Begin PBXResourcesBuildPhase section */
		45BF63A5269F1F48005CCB56 /* Resources */ = {
			isa = PBXResourcesBuildPhase;
			buildActionMask = 2147483647;
			files = (
				45BF63B7269F1F4A005CCB56 /* LaunchScreen.storyboard in Resources */,
				45D7E8B926A0682100821CAC /* FeaturedCollectionViewCell.xib in Resources */,
				45BF6413269F634E005CCB56 /* CategoriesTableViewCell.xib in Resources */,
				45D7E8B226A067F200821CAC /* FeaturedItemsTableViewCell.xib in Resources */,
				45D7E88526A02EEB00821CAC /* ProductCollectionViewCell.xib in Resources */,
				45BF63B4269F1F4A005CCB56 /* Assets.xcassets in Resources */,
				45BF63B2269F1F48005CCB56 /* Main.storyboard in Resources */,
			);
			runOnlyForDeploymentPostprocessing = 0;
		};
		45BF63BB269F1F4A005CCB56 /* Resources */ = {
			isa = PBXResourcesBuildPhase;
			buildActionMask = 2147483647;
			files = (
			);
			runOnlyForDeploymentPostprocessing = 0;
		};
		45BF63C6269F1F4A005CCB56 /* Resources */ = {
			isa = PBXResourcesBuildPhase;
			buildActionMask = 2147483647;
			files = (
			);
			runOnlyForDeploymentPostprocessing = 0;
		};
/* End PBXResourcesBuildPhase section */

/* Begin PBXShellScriptBuildPhase section */
		39D61D400D44ED9FEF20AD31 /* [CP] Check Pods Manifest.lock */ = {
			isa = PBXShellScriptBuildPhase;
			buildActionMask = 2147483647;
			files = (
			);
			inputFileListPaths = (
			);
			inputPaths = (
				"${PODS_PODFILE_DIR_PATH}/Podfile.lock",
				"${PODS_ROOT}/Manifest.lock",
			);
			name = "[CP] Check Pods Manifest.lock";
			outputFileListPaths = (
			);
			outputPaths = (
				"$(DERIVED_FILE_DIR)/Pods-Apptunix-ApptunixUITests-checkManifestLockResult.txt",
			);
			runOnlyForDeploymentPostprocessing = 0;
			shellPath = /bin/sh;
			shellScript = "diff \"${PODS_PODFILE_DIR_PATH}/Podfile.lock\" \"${PODS_ROOT}/Manifest.lock\" > /dev/null\nif [ $? != 0 ] ; then\n    # print error to STDERR\n    echo \"error: The sandbox is not in sync with the Podfile.lock. Run 'pod install' or update your CocoaPods installation.\" >&2\n    exit 1\nfi\n# This output is used by Xcode 'outputs' to avoid re-running this script phase.\necho \"SUCCESS\" > \"${SCRIPT_OUTPUT_FILE_0}\"\n";
			showEnvVarsInLog = 0;
		};
		79E6A9A418B56EC23C19BEEB /* [CP] Check Pods Manifest.lock */ = {
			isa = PBXShellScriptBuildPhase;
			buildActionMask = 2147483647;
			files = (
			);
			inputFileListPaths = (
			);
			inputPaths = (
				"${PODS_PODFILE_DIR_PATH}/Podfile.lock",
				"${PODS_ROOT}/Manifest.lock",
			);
			name = "[CP] Check Pods Manifest.lock";
			outputFileListPaths = (
			);
			outputPaths = (
				"$(DERIVED_FILE_DIR)/Pods-ApptunixTests-checkManifestLockResult.txt",
			);
			runOnlyForDeploymentPostprocessing = 0;
			shellPath = /bin/sh;
			shellScript = "diff \"${PODS_PODFILE_DIR_PATH}/Podfile.lock\" \"${PODS_ROOT}/Manifest.lock\" > /dev/null\nif [ $? != 0 ] ; then\n    # print error to STDERR\n    echo \"error: The sandbox is not in sync with the Podfile.lock. Run 'pod install' or update your CocoaPods installation.\" >&2\n    exit 1\nfi\n# This output is used by Xcode 'outputs' to avoid re-running this script phase.\necho \"SUCCESS\" > \"${SCRIPT_OUTPUT_FILE_0}\"\n";
			showEnvVarsInLog = 0;
		};
		B4AE45D1F5917F7B4DBF493D /* [CP] Embed Pods Frameworks */ = {
			isa = PBXShellScriptBuildPhase;
			buildActionMask = 2147483647;
			files = (
			);
			inputFileListPaths = (
				"${PODS_ROOT}/Target Support Files/Pods-Apptunix/Pods-Apptunix-frameworks-${CONFIGURATION}-input-files.xcfilelist",
			);
			name = "[CP] Embed Pods Frameworks";
			outputFileListPaths = (
				"${PODS_ROOT}/Target Support Files/Pods-Apptunix/Pods-Apptunix-frameworks-${CONFIGURATION}-output-files.xcfilelist",
			);
			runOnlyForDeploymentPostprocessing = 0;
			shellPath = /bin/sh;
			shellScript = "\"${PODS_ROOT}/Target Support Files/Pods-Apptunix/Pods-Apptunix-frameworks.sh\"\n";
			showEnvVarsInLog = 0;
		};
		D2CAF975E457A257FB6713BC /* [CP] Embed Pods Frameworks */ = {
			isa = PBXShellScriptBuildPhase;
			buildActionMask = 2147483647;
			files = (
			);
			inputFileListPaths = (
				"${PODS_ROOT}/Target Support Files/Pods-Apptunix-ApptunixUITests/Pods-Apptunix-ApptunixUITests-frameworks-${CONFIGURATION}-input-files.xcfilelist",
			);
			name = "[CP] Embed Pods Frameworks";
			outputFileListPaths = (
				"${PODS_ROOT}/Target Support Files/Pods-Apptunix-ApptunixUITests/Pods-Apptunix-ApptunixUITests-frameworks-${CONFIGURATION}-output-files.xcfilelist",
			);
			runOnlyForDeploymentPostprocessing = 0;
			shellPath = /bin/sh;
			shellScript = "\"${PODS_ROOT}/Target Support Files/Pods-Apptunix-ApptunixUITests/Pods-Apptunix-ApptunixUITests-frameworks.sh\"\n";
			showEnvVarsInLog = 0;
		};
		DF5FCD903B02F15400806F6A /* [CP] Check Pods Manifest.lock */ = {
			isa = PBXShellScriptBuildPhase;
			buildActionMask = 2147483647;
			files = (
			);
			inputFileListPaths = (
			);
			inputPaths = (
				"${PODS_PODFILE_DIR_PATH}/Podfile.lock",
				"${PODS_ROOT}/Manifest.lock",
			);
			name = "[CP] Check Pods Manifest.lock";
			outputFileListPaths = (
			);
			outputPaths = (
				"$(DERIVED_FILE_DIR)/Pods-Apptunix-checkManifestLockResult.txt",
			);
			runOnlyForDeploymentPostprocessing = 0;
			shellPath = /bin/sh;
			shellScript = "diff \"${PODS_PODFILE_DIR_PATH}/Podfile.lock\" \"${PODS_ROOT}/Manifest.lock\" > /dev/null\nif [ $? != 0 ] ; then\n    # print error to STDERR\n    echo \"error: The sandbox is not in sync with the Podfile.lock. Run 'pod install' or update your CocoaPods installation.\" >&2\n    exit 1\nfi\n# This output is used by Xcode 'outputs' to avoid re-running this script phase.\necho \"SUCCESS\" > \"${SCRIPT_OUTPUT_FILE_0}\"\n";
			showEnvVarsInLog = 0;
		};
/* End PBXShellScriptBuildPhase section */

/* Begin PBXSourcesBuildPhase section */
		45BF63A3269F1F48005CCB56 /* Sources */ = {
			isa = PBXSourcesBuildPhase;
			buildActionMask = 2147483647;
			files = (
				45BF63E2269F32A0005CCB56 /* LoginViewController.swift in Sources */,
				45D7E7F5269FEEE300821CAC /* TopBannersModel.swift in Sources */,
				45D7E8B126A067F200821CAC /* FeaturedItemsTableViewCell.swift in Sources */,
				45D7E809269FF6F100821CAC /* APILists.swift in Sources */,
				45BF640A269F629C005CCB56 /* HomeScreenViewController.swift in Sources */,
				45D7E804269FF62700821CAC /* HomeScreenDataController.swift in Sources */,
				45BF6412269F634E005CCB56 /* CategoriesTableViewCell.swift in Sources */,
				45D7E80E269FF81D00821CAC /* DataModelProtocol.swift in Sources */,
				45D7E8BE26A087C200821CAC /* FetchImage.swift in Sources */,
				45BF63AB269F1F48005CCB56 /* AppDelegate.swift in Sources */,
				45D7E86826A01E1B00821CAC /* TopBannersViewModel.swift in Sources */,
				45BF63E7269F32B6005CCB56 /* SignupViewController.swift in Sources */,
				45D7E87626A01E5600821CAC /* FeaturedProductsViewModel.swift in Sources */,
				45BF6405269F47A2005CCB56 /* LocalizedString.swift in Sources */,
				45BF63F6269F4693005CCB56 /* BaseDataController.swift in Sources */,
				45BF6400269F46D7005CCB56 /* EndPointUrl.swift in Sources */,
				45BF63AD269F1F48005CCB56 /* SceneDelegate.swift in Sources */,
				45D7E7FA269FEF6500821CAC /* RecentlyViewedModel.swift in Sources */,
				45D7E88426A02EEB00821CAC /* ProductCollectionViewCell.swift in Sources */,
				45D7E87126A01E3800821CAC /* RecentlyViewedViewModel.swift in Sources */,
				45D7E7FF269FF0AC00821CAC /* FeaturedProductsModel.swift in Sources */,
				45D7E7EC269FEDDB00821CAC /* HomeScreenModel.swift in Sources */,
				45D7E8B826A0682100821CAC /* FeaturedCollectionViewCell.swift in Sources */,
				45D7E7E4269FEDBE00821CAC /* HomeScreenViewModel.swift in Sources */,
			);
			runOnlyForDeploymentPostprocessing = 0;
		};
		45BF63B9269F1F4A005CCB56 /* Sources */ = {
			isa = PBXSourcesBuildPhase;
			buildActionMask = 2147483647;
			files = (
				45BF63C2269F1F4A005CCB56 /* ApptunixTests.swift in Sources */,
			);
			runOnlyForDeploymentPostprocessing = 0;
		};
		45BF63C4269F1F4A005CCB56 /* Sources */ = {
			isa = PBXSourcesBuildPhase;
			buildActionMask = 2147483647;
			files = (
				45BF63CD269F1F4A005CCB56 /* ApptunixUITests.swift in Sources */,
			);
			runOnlyForDeploymentPostprocessing = 0;
		};
/* End PBXSourcesBuildPhase section */

/* Begin PBXTargetDependency section */
		45BF63BF269F1F4A005CCB56 /* PBXTargetDependency */ = {
			isa = PBXTargetDependency;
			target = 45BF63A6269F1F48005CCB56 /* Apptunix */;
			targetProxy = 45BF63BE269F1F4A005CCB56 /* PBXContainerItemProxy */;
		};
		45BF63CA269F1F4A005CCB56 /* PBXTargetDependency */ = {
			isa = PBXTargetDependency;
			target = 45BF63A6269F1F48005CCB56 /* Apptunix */;
			targetProxy = 45BF63C9269F1F4A005CCB56 /* PBXContainerItemProxy */;
		};
/* End PBXTargetDependency section */

/* Begin PBXVariantGroup section */
		45BF63B0269F1F48005CCB56 /* Main.storyboard */ = {
			isa = PBXVariantGroup;
			children = (
				45BF63B1269F1F48005CCB56 /* Base */,
			);
			name = Main.storyboard;
			sourceTree = "<group>";
		};
		45BF63B5269F1F4A005CCB56 /* LaunchScreen.storyboard */ = {
			isa = PBXVariantGroup;
			children = (
				45BF63B6269F1F4A005CCB56 /* Base */,
			);
			name = LaunchScreen.storyboard;
			sourceTree = "<group>";
		};
/* End PBXVariantGroup section */

/* Begin XCBuildConfiguration section */
		45BF63CF269F1F4A005CCB56 /* Debug */ = {
			isa = XCBuildConfiguration;
			buildSettings = {
				ALWAYS_SEARCH_USER_PATHS = NO;
				CLANG_ANALYZER_NONNULL = YES;
				CLANG_ANALYZER_NUMBER_OBJECT_CONVERSION = YES_AGGRESSIVE;
				CLANG_CXX_LANGUAGE_STANDARD = "gnu++14";
				CLANG_CXX_LIBRARY = "libc++";
				CLANG_ENABLE_MODULES = YES;
				CLANG_ENABLE_OBJC_ARC = YES;
				CLANG_ENABLE_OBJC_WEAK = YES;
				CLANG_WARN_BLOCK_CAPTURE_AUTORELEASING = YES;
				CLANG_WARN_BOOL_CONVERSION = YES;
				CLANG_WARN_COMMA = YES;
				CLANG_WARN_CONSTANT_CONVERSION = YES;
				CLANG_WARN_DEPRECATED_OBJC_IMPLEMENTATIONS = YES;
				CLANG_WARN_DIRECT_OBJC_ISA_USAGE = YES_ERROR;
				CLANG_WARN_DOCUMENTATION_COMMENTS = YES;
				CLANG_WARN_EMPTY_BODY = YES;
				CLANG_WARN_ENUM_CONVERSION = YES;
				CLANG_WARN_INFINITE_RECURSION = YES;
				CLANG_WARN_INT_CONVERSION = YES;
				CLANG_WARN_NON_LITERAL_NULL_CONVERSION = YES;
				CLANG_WARN_OBJC_IMPLICIT_RETAIN_SELF = YES;
				CLANG_WARN_OBJC_LITERAL_CONVERSION = YES;
				CLANG_WARN_OBJC_ROOT_CLASS = YES_ERROR;
				CLANG_WARN_QUOTED_INCLUDE_IN_FRAMEWORK_HEADER = YES;
				CLANG_WARN_RANGE_LOOP_ANALYSIS = YES;
				CLANG_WARN_STRICT_PROTOTYPES = YES;
				CLANG_WARN_SUSPICIOUS_MOVE = YES;
				CLANG_WARN_UNGUARDED_AVAILABILITY = YES_AGGRESSIVE;
				CLANG_WARN_UNREACHABLE_CODE = YES;
				CLANG_WARN__DUPLICATE_METHOD_MATCH = YES;
				COPY_PHASE_STRIP = NO;
				DEBUG_INFORMATION_FORMAT = dwarf;
				ENABLE_STRICT_OBJC_MSGSEND = YES;
				ENABLE_TESTABILITY = YES;
				GCC_C_LANGUAGE_STANDARD = gnu11;
				GCC_DYNAMIC_NO_PIC = NO;
				GCC_NO_COMMON_BLOCKS = YES;
				GCC_OPTIMIZATION_LEVEL = 0;
				GCC_PREPROCESSOR_DEFINITIONS = (
					"DEBUG=1",
					"$(inherited)",
				);
				GCC_WARN_64_TO_32_BIT_CONVERSION = YES;
				GCC_WARN_ABOUT_RETURN_TYPE = YES_ERROR;
				GCC_WARN_UNDECLARED_SELECTOR = YES;
				GCC_WARN_UNINITIALIZED_AUTOS = YES_AGGRESSIVE;
				GCC_WARN_UNUSED_FUNCTION = YES;
				GCC_WARN_UNUSED_VARIABLE = YES;
				IPHONEOS_DEPLOYMENT_TARGET = 14.4;
				MTL_ENABLE_DEBUG_INFO = INCLUDE_SOURCE;
				MTL_FAST_MATH = YES;
				ONLY_ACTIVE_ARCH = YES;
				SDKROOT = iphoneos;
				SWIFT_ACTIVE_COMPILATION_CONDITIONS = DEBUG;
				SWIFT_OPTIMIZATION_LEVEL = "-Onone";
			};
			name = Debug;
		};
		45BF63D0269F1F4A005CCB56 /* Release */ = {
			isa = XCBuildConfiguration;
			buildSettings = {
				ALWAYS_SEARCH_USER_PATHS = NO;
				CLANG_ANALYZER_NONNULL = YES;
				CLANG_ANALYZER_NUMBER_OBJECT_CONVERSION = YES_AGGRESSIVE;
				CLANG_CXX_LANGUAGE_STANDARD = "gnu++14";
				CLANG_CXX_LIBRARY = "libc++";
				CLANG_ENABLE_MODULES = YES;
				CLANG_ENABLE_OBJC_ARC = YES;
				CLANG_ENABLE_OBJC_WEAK = YES;
				CLANG_WARN_BLOCK_CAPTURE_AUTORELEASING = YES;
				CLANG_WARN_BOOL_CONVERSION = YES;
				CLANG_WARN_COMMA = YES;
				CLANG_WARN_CONSTANT_CONVERSION = YES;
				CLANG_WARN_DEPRECATED_OBJC_IMPLEMENTATIONS = YES;
				CLANG_WARN_DIRECT_OBJC_ISA_USAGE = YES_ERROR;
				CLANG_WARN_DOCUMENTATION_COMMENTS = YES;
				CLANG_WARN_EMPTY_BODY = YES;
				CLANG_WARN_ENUM_CONVERSION = YES;
				CLANG_WARN_INFINITE_RECURSION = YES;
				CLANG_WARN_INT_CONVERSION = YES;
				CLANG_WARN_NON_LITERAL_NULL_CONVERSION = YES;
				CLANG_WARN_OBJC_IMPLICIT_RETAIN_SELF = YES;
				CLANG_WARN_OBJC_LITERAL_CONVERSION = YES;
				CLANG_WARN_OBJC_ROOT_CLASS = YES_ERROR;
				CLANG_WARN_QUOTED_INCLUDE_IN_FRAMEWORK_HEADER = YES;
				CLANG_WARN_RANGE_LOOP_ANALYSIS = YES;
				CLANG_WARN_STRICT_PROTOTYPES = YES;
				CLANG_WARN_SUSPICIOUS_MOVE = YES;
				CLANG_WARN_UNGUARDED_AVAILABILITY = YES_AGGRESSIVE;
				CLANG_WARN_UNREACHABLE_CODE = YES;
				CLANG_WARN__DUPLICATE_METHOD_MATCH = YES;
				COPY_PHASE_STRIP = NO;
				DEBUG_INFORMATION_FORMAT = "dwarf-with-dsym";
				ENABLE_NS_ASSERTIONS = NO;
				ENABLE_STRICT_OBJC_MSGSEND = YES;
				GCC_C_LANGUAGE_STANDARD = gnu11;
				GCC_NO_COMMON_BLOCKS = YES;
				GCC_WARN_64_TO_32_BIT_CONVERSION = YES;
				GCC_WARN_ABOUT_RETURN_TYPE = YES_ERROR;
				GCC_WARN_UNDECLARED_SELECTOR = YES;
				GCC_WARN_UNINITIALIZED_AUTOS = YES_AGGRESSIVE;
				GCC_WARN_UNUSED_FUNCTION = YES;
				GCC_WARN_UNUSED_VARIABLE = YES;
				IPHONEOS_DEPLOYMENT_TARGET = 14.4;
				MTL_ENABLE_DEBUG_INFO = NO;
				MTL_FAST_MATH = YES;
				SDKROOT = iphoneos;
				SWIFT_COMPILATION_MODE = wholemodule;
				SWIFT_OPTIMIZATION_LEVEL = "-O";
				VALIDATE_PRODUCT = YES;
			};
			name = Release;
		};
		45BF63D2269F1F4A005CCB56 /* Debug */ = {
			isa = XCBuildConfiguration;
			baseConfigurationReference = B5B8A60590695A9BFA5E2098 /* Pods-Apptunix.debug.xcconfig */;
			buildSettings = {
				ASSETCATALOG_COMPILER_APPICON_NAME = AppIcon;
				ASSETCATALOG_COMPILER_GLOBAL_ACCENT_COLOR_NAME = AccentColor;
				CODE_SIGN_STYLE = Automatic;
				INFOPLIST_FILE = Apptunix/Info.plist;
				LD_RUNPATH_SEARCH_PATHS = (
					"$(inherited)",
					"@executable_path/Frameworks",
				);
				PRODUCT_BUNDLE_IDENTIFIER = com.practice.Apptunix;
				PRODUCT_NAME = "$(TARGET_NAME)";
				SWIFT_VERSION = 5.0;
				TARGETED_DEVICE_FAMILY = "1,2";
			};
			name = Debug;
		};
		45BF63D3269F1F4A005CCB56 /* Release */ = {
			isa = XCBuildConfiguration;
			baseConfigurationReference = 18D21776F8A48B2EB154E444 /* Pods-Apptunix.release.xcconfig */;
			buildSettings = {
				ASSETCATALOG_COMPILER_APPICON_NAME = AppIcon;
				ASSETCATALOG_COMPILER_GLOBAL_ACCENT_COLOR_NAME = AccentColor;
				CODE_SIGN_STYLE = Automatic;
				INFOPLIST_FILE = Apptunix/Info.plist;
				LD_RUNPATH_SEARCH_PATHS = (
					"$(inherited)",
					"@executable_path/Frameworks",
				);
				PRODUCT_BUNDLE_IDENTIFIER = com.practice.Apptunix;
				PRODUCT_NAME = "$(TARGET_NAME)";
				SWIFT_VERSION = 5.0;
				TARGETED_DEVICE_FAMILY = "1,2";
			};
			name = Release;
		};
		45BF63D5269F1F4A005CCB56 /* Debug */ = {
			isa = XCBuildConfiguration;
			baseConfigurationReference = 814FB6BB6EEA9F45686681E5 /* Pods-ApptunixTests.debug.xcconfig */;
			buildSettings = {
				ALWAYS_EMBED_SWIFT_STANDARD_LIBRARIES = YES;
				BUNDLE_LOADER = "$(TEST_HOST)";
				CODE_SIGN_STYLE = Automatic;
				INFOPLIST_FILE = ApptunixTests/Info.plist;
				IPHONEOS_DEPLOYMENT_TARGET = 14.4;
				LD_RUNPATH_SEARCH_PATHS = (
					"$(inherited)",
					"@executable_path/Frameworks",
					"@loader_path/Frameworks",
				);
				PRODUCT_BUNDLE_IDENTIFIER = com.practice.ApptunixTests;
				PRODUCT_NAME = "$(TARGET_NAME)";
				SWIFT_VERSION = 5.0;
				TARGETED_DEVICE_FAMILY = "1,2";
				TEST_HOST = "$(BUILT_PRODUCTS_DIR)/Apptunix.app/Apptunix";
			};
			name = Debug;
		};
		45BF63D6269F1F4A005CCB56 /* Release */ = {
			isa = XCBuildConfiguration;
			baseConfigurationReference = 2DC0B5F436182D25D99E7D05 /* Pods-ApptunixTests.release.xcconfig */;
			buildSettings = {
				ALWAYS_EMBED_SWIFT_STANDARD_LIBRARIES = YES;
				BUNDLE_LOADER = "$(TEST_HOST)";
				CODE_SIGN_STYLE = Automatic;
				INFOPLIST_FILE = ApptunixTests/Info.plist;
				IPHONEOS_DEPLOYMENT_TARGET = 14.4;
				LD_RUNPATH_SEARCH_PATHS = (
					"$(inherited)",
					"@executable_path/Frameworks",
					"@loader_path/Frameworks",
				);
				PRODUCT_BUNDLE_IDENTIFIER = com.practice.ApptunixTests;
				PRODUCT_NAME = "$(TARGET_NAME)";
				SWIFT_VERSION = 5.0;
				TARGETED_DEVICE_FAMILY = "1,2";
				TEST_HOST = "$(BUILT_PRODUCTS_DIR)/Apptunix.app/Apptunix";
			};
			name = Release;
		};
		45BF63D8269F1F4A005CCB56 /* Debug */ = {
			isa = XCBuildConfiguration;
			baseConfigurationReference = D91DC85392E1FB81268D1469 /* Pods-Apptunix-ApptunixUITests.debug.xcconfig */;
			buildSettings = {
				ALWAYS_EMBED_SWIFT_STANDARD_LIBRARIES = YES;
				CODE_SIGN_STYLE = Automatic;
				INFOPLIST_FILE = ApptunixUITests/Info.plist;
				LD_RUNPATH_SEARCH_PATHS = (
					"$(inherited)",
					"@executable_path/Frameworks",
					"@loader_path/Frameworks",
				);
				PRODUCT_BUNDLE_IDENTIFIER = com.practice.ApptunixUITests;
				PRODUCT_NAME = "$(TARGET_NAME)";
				SWIFT_VERSION = 5.0;
				TARGETED_DEVICE_FAMILY = "1,2";
				TEST_TARGET_NAME = Apptunix;
			};
			name = Debug;
		};
		45BF63D9269F1F4A005CCB56 /* Release */ = {
			isa = XCBuildConfiguration;
			baseConfigurationReference = 750ADC205606291550849C6D /* Pods-Apptunix-ApptunixUITests.release.xcconfig */;
			buildSettings = {
				ALWAYS_EMBED_SWIFT_STANDARD_LIBRARIES = YES;
				CODE_SIGN_STYLE = Automatic;
				INFOPLIST_FILE = ApptunixUITests/Info.plist;
				LD_RUNPATH_SEARCH_PATHS = (
					"$(inherited)",
					"@executable_path/Frameworks",
					"@loader_path/Frameworks",
				);
				PRODUCT_BUNDLE_IDENTIFIER = com.practice.ApptunixUITests;
				PRODUCT_NAME = "$(TARGET_NAME)";
				SWIFT_VERSION = 5.0;
				TARGETED_DEVICE_FAMILY = "1,2";
				TEST_TARGET_NAME = Apptunix;
			};
			name = Release;
		};
/* End XCBuildConfiguration section */

/* Begin XCConfigurationList section */
		45BF63A2269F1F48005CCB56 /* Build configuration list for PBXProject "Apptunix" */ = {
			isa = XCConfigurationList;
			buildConfigurations = (
				45BF63CF269F1F4A005CCB56 /* Debug */,
				45BF63D0269F1F4A005CCB56 /* Release */,
			);
			defaultConfigurationIsVisible = 0;
			defaultConfigurationName = Release;
		};
		45BF63D1269F1F4A005CCB56 /* Build configuration list for PBXNativeTarget "Apptunix" */ = {
			isa = XCConfigurationList;
			buildConfigurations = (
				45BF63D2269F1F4A005CCB56 /* Debug */,
				45BF63D3269F1F4A005CCB56 /* Release */,
			);
			defaultConfigurationIsVisible = 0;
			defaultConfigurationName = Release;
		};
		45BF63D4269F1F4A005CCB56 /* Build configuration list for PBXNativeTarget "ApptunixTests" */ = {
			isa = XCConfigurationList;
			buildConfigurations = (
				45BF63D5269F1F4A005CCB56 /* Debug */,
				45BF63D6269F1F4A005CCB56 /* Release */,
			);
			defaultConfigurationIsVisible = 0;
			defaultConfigurationName = Release;
		};
		45BF63D7269F1F4A005CCB56 /* Build configuration list for PBXNativeTarget "ApptunixUITests" */ = {
			isa = XCConfigurationList;
			buildConfigurations = (
				45BF63D8269F1F4A005CCB56 /* Debug */,
				45BF63D9269F1F4A005CCB56 /* Release */,
			);
			defaultConfigurationIsVisible = 0;
			defaultConfigurationName = Release;
		};
/* End XCConfigurationList section */
	};
	rootObject = 45BF639F269F1F48005CCB56 /* Project object */;
}
